
Microsoft Visual Studio Solution File, Format Version 12.00
# Visual Studio Version 16
VisualStudioVersion = 16.0.30717.126
MinimumVisualStudioVersion = 10.0.40219.1
Project("{9A19103F-16F7-4668-BE54-9A1E7A4F7556}") = "BIg-News", "BIg-News\BIg-News.csproj", "{D17AFDC7-6061-45A6-9F31-BB424F508D0B}"
EndProject
Project("{FAE04EC0-301F-11D3-BF4B-00C04F79EFBC}") = "ClassLibraryB", "ClassLibraryB\ClassLibraryB.csproj", "{F7CEDFA4-33F3-4042-AB6F-81A438A1A74C}"
EndProject
Project("{FAE04EC0-301F-11D3-BF4B-00C04F79EFBC}") = "BigNewsRazor", "BigNewsRazor\BigNewsRazor.csproj", "{48195D50-CBAB-4C5A-AC47-1C3037BAE41C}"
EndProject
Global
	GlobalSection(SolutionConfigurationPlatforms) = preSolution
		Debug|Any CPU = Debug|Any CPU
		Release|Any CPU = Release|Any CPU
	EndGlobalSection
	GlobalSection(ProjectConfigurationPlatforms) = postSolution
		{D17AFDC7-6061-45A6-9F31-BB424F508D0B}.Debug|Any CPU.ActiveCfg = Debug|Any CPU
		{D17AFDC7-6061-45A6-9F31-BB424F508D0B}.Debug|Any CPU.Build.0 = Debug|Any CPU
		{D17AFDC7-6061-45A6-9F31-BB424F508D0B}.Release|Any CPU.ActiveCfg = Release|Any CPU
		{D17AFDC7-6061-45A6-9F31-BB424F508D0B}.Release|Any CPU.Build.0 = Release|Any CPU
		{F7CEDFA4-33F3-4042-AB6F-81A438A1A74C}.Debug|Any CPU.ActiveCfg = Debug|Any CPU
		{F7CEDFA4-33F3-4042-AB6F-81A438A1A74C}.Debug|Any CPU.Build.0 = Debug|Any CPU
		{F7CEDFA4-33F3-4042-AB6F-81A438A1A74C}.Release|Any CPU.ActiveCfg = Release|Any CPU
		{F7CEDFA4-33F3-4042-AB6F-81A438A1A74C}.Release|Any CPU.Build.0 = Release|Any CPU
		{48195D50-CBAB-4C5A-AC47-1C3037BAE41C}.Debug|Any CPU.ActiveCfg = Debug|Any CPU
		{48195D50-CBAB-4C5A-AC47-1C3037BAE41C}.Debug|Any CPU.Build.0 = Debug|Any CPU
		{48195D50-CBAB-4C5A-AC47-1C3037BAE41C}.Release|Any CPU.ActiveCfg = Release|Any CPU
		{48195D50-CBAB-4C5A-AC47-1C3037BAE41C}.Release|Any CPU.Build.0 = Release|Any CPU
	EndGlobalSection
	GlobalSection(SolutionProperties) = preSolution
		HideSolutionNode = FALSE
	EndGlobalSection
	GlobalSection(ExtensibilityGlobals) = postSolution
		SolutionGuid = {D974482D-7B32-4867-BD58-86CB44D74C00}
	EndGlobalSection
EndGlobal
